
Microsoft Visual Studio Solution File, Format Version 12.00
# Visual Studio 15
VisualStudioVersion = 15.0.26730.8
MinimumVisualStudioVersion = 10.0.40219.1
Project("{9A19103F-16F7-4668-BE54-9A1E7A4F7556}") = "AltPlugAndPlay", "AltPlugAndPlay\AltPlugAndPlay.csproj", "{E94E6876-6A5B-4A34-A5F5-0A1F1D4FA220}"
EndProject
Project("{9A19103F-16F7-4668-BE54-9A1E7A4F7556}") = "Tftp.Net", "tftp.net\Tftp.Net.csproj", "{732E4846-DB3A-404C-ACD1-44019DDB2BB9}"
EndProject
Project("{2150E333-8FDC-42A3-9474-1A3956D46DE8}") = "Solution Items", "Solution Items", "{A9CB230F-3EB1-43D8-B301-8DAE38AB49A1}"
	ProjectSection(SolutionItems) = preProject
		README.md = README.md
	EndProjectSection
EndProject
Global
	GlobalSection(SolutionConfigurationPlatforms) = preSolution
		Debug|Any CPU = Debug|Any CPU
		Release|Any CPU = Release|Any CPU
	EndGlobalSection
	GlobalSection(ProjectConfigurationPlatforms) = postSolution
		{E94E6876-6A5B-4A34-A5F5-0A1F1D4FA220}.Debug|Any CPU.ActiveCfg = Debug|Any CPU
		{E94E6876-6A5B-4A34-A5F5-0A1F1D4FA220}.Debug|Any CPU.Build.0 = Debug|Any CPU
		{E94E6876-6A5B-4A34-A5F5-0A1F1D4FA220}.Release|Any CPU.ActiveCfg = Release|Any CPU
		{E94E6876-6A5B-4A34-A5F5-0A1F1D4FA220}.Release|Any CPU.Build.0 = Release|Any CPU
		{732E4846-DB3A-404C-ACD1-44019DDB2BB9}.Debug|Any CPU.ActiveCfg = Debug|Any CPU
		{732E4846-DB3A-404C-ACD1-44019DDB2BB9}.Debug|Any CPU.Build.0 = Debug|Any CPU
		{732E4846-DB3A-404C-ACD1-44019DDB2BB9}.Release|Any CPU.ActiveCfg = Release|Any CPU
		{732E4846-DB3A-404C-ACD1-44019DDB2BB9}.Release|Any CPU.Build.0 = Release|Any CPU
	EndGlobalSection
	GlobalSection(SolutionProperties) = preSolution
		HideSolutionNode = FALSE
	EndGlobalSection
	GlobalSection(ExtensibilityGlobals) = postSolution
		SolutionGuid = {BF6DF390-CC62-46BF-B740-8B6F0D469D36}
	EndGlobalSection
EndGlobal
